
Microsoft Visual Studio Solution File, Format Version 12.00
# Visual Studio Version 17
VisualStudioVersion = 17.7.34031.279
MinimumVisualStudioVersion = 10.0.40219.1
Project("{9A19103F-16F7-4668-BE54-9A1E7A4F7556}") = "Example", "Example\Example.csproj", "{67089978-2AB1-4C48-A2BE-2891864122FE}"
EndProject
Project("{9A19103F-16F7-4668-BE54-9A1E7A4F7556}") = "Example.Repository", "Example.Repository\Example.Repository.csproj", "{52A62192-9C16-48BA-87F8-79D164261397}"
EndProject
Project("{9A19103F-16F7-4668-BE54-9A1E7A4F7556}") = "Example.Model", "Example.Model\Example.Model.csproj", "{EE3BDBD9-E92C-40EF-93EA-B131D28F35A3}"
EndProject
Project("{2150E333-8FDC-42A3-9474-1A3956D46DE8}") = "01 - Web API", "01 - Web API", "{E05C1DD6-7C4E-45E8-A0F4-2CDACBE947B2}"
EndProject
Project("{2150E333-8FDC-42A3-9474-1A3956D46DE8}") = "00 - Solution Items", "00 - Solution Items", "{170234BC-EB17-43A7-A805-5A8969F0A160}"
	ProjectSection(SolutionItems) = preProject
		Notes.md = Notes.md
		Readme.md = Readme.md
	EndProjectSection
EndProject
Project("{2150E333-8FDC-42A3-9474-1A3956D46DE8}") = "02 - Libraries", "02 - Libraries", "{CFFB1BCC-8040-48DD-AA3A-9F7E6B9F6B18}"
EndProject
Global
	GlobalSection(SolutionConfigurationPlatforms) = preSolution
		Debug|Any CPU = Debug|Any CPU
		Release|Any CPU = Release|Any CPU
	EndGlobalSection
	GlobalSection(ProjectConfigurationPlatforms) = postSolution
		{67089978-2AB1-4C48-A2BE-2891864122FE}.Debug|Any CPU.ActiveCfg = Debug|Any CPU
		{67089978-2AB1-4C48-A2BE-2891864122FE}.Debug|Any CPU.Build.0 = Debug|Any CPU
		{67089978-2AB1-4C48-A2BE-2891864122FE}.Release|Any CPU.ActiveCfg = Release|Any CPU
		{67089978-2AB1-4C48-A2BE-2891864122FE}.Release|Any CPU.Build.0 = Release|Any CPU
		{52A62192-9C16-48BA-87F8-79D164261397}.Debug|Any CPU.ActiveCfg = Debug|Any CPU
		{52A62192-9C16-48BA-87F8-79D164261397}.Debug|Any CPU.Build.0 = Debug|Any CPU
		{52A62192-9C16-48BA-87F8-79D164261397}.Release|Any CPU.ActiveCfg = Release|Any CPU
		{52A62192-9C16-48BA-87F8-79D164261397}.Release|Any CPU.Build.0 = Release|Any CPU
		{EE3BDBD9-E92C-40EF-93EA-B131D28F35A3}.Debug|Any CPU.ActiveCfg = Debug|Any CPU
		{EE3BDBD9-E92C-40EF-93EA-B131D28F35A3}.Debug|Any CPU.Build.0 = Debug|Any CPU
		{EE3BDBD9-E92C-40EF-93EA-B131D28F35A3}.Release|Any CPU.ActiveCfg = Release|Any CPU
		{EE3BDBD9-E92C-40EF-93EA-B131D28F35A3}.Release|Any CPU.Build.0 = Release|Any CPU
	EndGlobalSection
	GlobalSection(SolutionProperties) = preSolution
		HideSolutionNode = FALSE
	EndGlobalSection
	GlobalSection(NestedProjects) = preSolution
		{67089978-2AB1-4C48-A2BE-2891864122FE} = {E05C1DD6-7C4E-45E8-A0F4-2CDACBE947B2}
		{52A62192-9C16-48BA-87F8-79D164261397} = {CFFB1BCC-8040-48DD-AA3A-9F7E6B9F6B18}
		{EE3BDBD9-E92C-40EF-93EA-B131D28F35A3} = {CFFB1BCC-8040-48DD-AA3A-9F7E6B9F6B18}
	EndGlobalSection
	GlobalSection(ExtensibilityGlobals) = postSolution
		SolutionGuid = {B46E96EC-804B-4C4D-B1CA-CBD4576E9C0B}
	EndGlobalSection
EndGlobal
